
Microsoft Visual Studio Solution File, Format Version 12.00
# Visual Studio Version 17
VisualStudioVersion = 17.7.34202.233
MinimumVisualStudioVersion = 10.0.40219.1
Project("{FAE04EC0-301F-11D3-BF4B-00C04F79EFBC}") = "Working_With_Stack", "Stack\Working_With_Stack.csproj", "{C0557F33-1FDB-43DB-8D93-1F3CBFCF2A94}"
EndProject
Global
	GlobalSection(SolutionConfigurationPlatforms) = preSolution
		Debug|Any CPU = Debug|Any CPU
		Release|Any CPU = Release|Any CPU
	EndGlobalSection
	GlobalSection(ProjectConfigurationPlatforms) = postSolution
		{C0557F33-1FDB-43DB-8D93-1F3CBFCF2A94}.Debug|Any CPU.ActiveCfg = Debug|Any CPU
		{C0557F33-1FDB-43DB-8D93-1F3CBFCF2A94}.Debug|Any CPU.Build.0 = Debug|Any CPU
		{C0557F33-1FDB-43DB-8D93-1F3CBFCF2A94}.Release|Any CPU.ActiveCfg = Release|Any CPU
		{C0557F33-1FDB-43DB-8D93-1F3CBFCF2A94}.Release|Any CPU.Build.0 = Release|Any CPU
	EndGlobalSection
	GlobalSection(SolutionProperties) = preSolution
		HideSolutionNode = FALSE
	EndGlobalSection
	GlobalSection(ExtensibilityGlobals) = postSolution
		SolutionGuid = {647F7796-81F1-492D-9383-DA7D5A22B4B2}
	EndGlobalSection
EndGlobal
